
Microsoft Visual Studio Solution File, Format Version 12.00
# Visual Studio 15
VisualStudioVersion = 15.0.27130.2027
MinimumVisualStudioVersion = 10.0.40219.1
Project("{FAE04EC0-301F-11D3-BF4B-00C04F79EFBC}") = "4330 MODEL Project", "4330 MODEL Project\4330 MODEL Project.csproj", "{E1912DB3-EB1E-44FB-A3E0-94BF89448BAB}"
EndProject
Global
	GlobalSection(SolutionConfigurationPlatforms) = preSolution
		Debug|Any CPU = Debug|Any CPU
		Release|Any CPU = Release|Any CPU
	EndGlobalSection
	GlobalSection(ProjectConfigurationPlatforms) = postSolution
		{E1912DB3-EB1E-44FB-A3E0-94BF89448BAB}.Debug|Any CPU.ActiveCfg = Debug|Any CPU
		{E1912DB3-EB1E-44FB-A3E0-94BF89448BAB}.Debug|Any CPU.Build.0 = Debug|Any CPU
		{E1912DB3-EB1E-44FB-A3E0-94BF89448BAB}.Release|Any CPU.ActiveCfg = Release|Any CPU
		{E1912DB3-EB1E-44FB-A3E0-94BF89448BAB}.Release|Any CPU.Build.0 = Release|Any CPU
	EndGlobalSection
	GlobalSection(SolutionProperties) = preSolution
		HideSolutionNode = FALSE
	EndGlobalSection
	GlobalSection(ExtensibilityGlobals) = postSolution
		SolutionGuid = {CF4B3AF5-4689-4F90-A9A9-C2DAC39B7A51}
	EndGlobalSection
EndGlobal
